
Microsoft Visual Studio Solution File, Format Version 12.00
# Visual Studio Version 17
VisualStudioVersion = 17.14.37301.10 d17.14
MinimumVisualStudioVersion = 10.0.40219.1
Project("{FAE04EC0-301F-11D3-BF4B-00C04F79EFBC}") = "Metro-WPF-Template-App", "Metro-WPF-Template-App.csproj", "{D6619D63-734D-4952-A96A-574408F4D731}"
EndProject
Global
	GlobalSection(SolutionConfigurationPlatforms) = preSolution
		Debug|Any CPU = Debug|Any CPU
		Release|Any CPU = Release|Any CPU
	EndGlobalSection
	GlobalSection(ProjectConfigurationPlatforms) = postSolution
		{D6619D63-734D-4952-A96A-574408F4D731}.Debug|Any CPU.ActiveCfg = Debug|Any CPU
		{D6619D63-734D-4952-A96A-574408F4D731}.Debug|Any CPU.Build.0 = Debug|Any CPU
		{D6619D63-734D-4952-A96A-574408F4D731}.Release|Any CPU.ActiveCfg = Release|Any CPU
		{D6619D63-734D-4952-A96A-574408F4D731}.Release|Any CPU.Build.0 = Release|Any CPU
	EndGlobalSection
	GlobalSection(SolutionProperties) = preSolution
		HideSolutionNode = FALSE
	EndGlobalSection
	GlobalSection(ExtensibilityGlobals) = postSolution
		SolutionGuid = {719197F1-6F20-4BBF-9A92-A6460ED7B8DF}
	EndGlobalSection
EndGlobal
